
Microsoft Visual Studio Solution File, Format Version 12.00
# Visual Studio 2012
Project("{FAE04EC0-301F-11D3-BF4B-00C04F79EFBC}") = "ListViewAnimationXamarinAndroid", "ListViewAnimationXamarinAndroid\ListViewAnimationXamarinAndroid.csproj", "{C9C36144-0069-452A-AB09-4D0F3A3A16E7}"
EndProject
Project("{FAE04EC0-301F-11D3-BF4B-00C04F79EFBC}") = "ListViewAnimations", "listviewanimationsbinding\ListViewAnimations.csproj", "{CBAB8FDF-A54B-4D1D-A6B5-A70F1B20594E}"
EndProject
Global
	GlobalSection(SolutionConfigurationPlatforms) = preSolution
		Debug|Any CPU = Debug|Any CPU
		Release|Any CPU = Release|Any CPU
	EndGlobalSection
	GlobalSection(ProjectConfigurationPlatforms) = postSolution
		{C9C36144-0069-452A-AB09-4D0F3A3A16E7}.Debug|Any CPU.ActiveCfg = Debug|Any CPU
		{C9C36144-0069-452A-AB09-4D0F3A3A16E7}.Debug|Any CPU.Build.0 = Debug|Any CPU
		{C9C36144-0069-452A-AB09-4D0F3A3A16E7}.Release|Any CPU.ActiveCfg = Release|Any CPU
		{C9C36144-0069-452A-AB09-4D0F3A3A16E7}.Release|Any CPU.Build.0 = Release|Any CPU
		{CBAB8FDF-A54B-4D1D-A6B5-A70F1B20594E}.Debug|Any CPU.ActiveCfg = Debug|Any CPU
		{CBAB8FDF-A54B-4D1D-A6B5-A70F1B20594E}.Debug|Any CPU.Build.0 = Debug|Any CPU
		{CBAB8FDF-A54B-4D1D-A6B5-A70F1B20594E}.Release|Any CPU.ActiveCfg = Release|Any CPU
		{CBAB8FDF-A54B-4D1D-A6B5-A70F1B20594E}.Release|Any CPU.Build.0 = Release|Any CPU
	EndGlobalSection
	GlobalSection(MonoDevelopProperties) = preSolution
		StartupItem = ListViewAnimationXamarinAndroid\ListViewAnimationXamarinAndroid.csproj
	EndGlobalSection
EndGlobal
